// !$*UTF8*$!
{
	archiveVersion = 1;
	classes = {
	};
	objectVersion = 50;
	objects = {

/* Begin PBXBuildFile section */
		06AAE95E4A1F2949B1E7C964 /* Pods_BartieTests.framework in Frameworks */ = {isa = PBXBuildFile; fileRef = 6E91DD02289E9511C4717779 /* Pods_BartieTests.framework */; };
		0B653ED9A4659498B9B19DE7 /* Pods_BartieUITests.framework in Frameworks */ = {isa = PBXBuildFile; fileRef = 243CF3C0265611F11968284A /* Pods_BartieUITests.framework */; };
		3D9018AD94F24D453A274807 /* Pods_Bartie.framework in Frameworks */ = {isa = PBXBuildFile; fileRef = 710BA11CE9F8DAD053D60EBA /* Pods_Bartie.framework */; };
		4130705922634D476A3948F1 /* DepartureListView.swift in Sources */ = {isa = PBXBuildFile; fileRef = 4130764DE41C5C7741C1BF9A /* DepartureListView.swift */; };
		413070A81B2C079D7625FF8F /* Settings.swift in Sources */ = {isa = PBXBuildFile; fileRef = 41307D6489C62A21B01795B9 /* Settings.swift */; };
		4130718F3C050DB2E10398BE /* Trip.swift in Sources */ = {isa = PBXBuildFile; fileRef = 413072F6B6AB6848B5DA04D6 /* Trip.swift */; };
		413071E6C67DE68C11C6E051 /* RouteDetailViewController.swift in Sources */ = {isa = PBXBuildFile; fileRef = 41307152E7F34B032CBC8C15 /* RouteDetailViewController.swift */; };
		413071E94AB57A0D178AC992 /* BartRealTimeRepository.swift in Sources */ = {isa = PBXBuildFile; fileRef = 41307B359C984F8FA27E3F40 /* BartRealTimeRepository.swift */; };
		41307273FAF06FCAFA2B5A04 /* Favorite.swift in Sources */ = {isa = PBXBuildFile; fileRef = 413075EE991F15BAD4DBE0F0 /* Favorite.swift */; };
		41307289FFED85A9C8AEF8E7 /* CurrentStation.swift in Sources */ = {isa = PBXBuildFile; fileRef = 41307D0F6D75DDD7C2FDE0A4 /* CurrentStation.swift */; };
		413072E87FE709F3EB4EDB30 /* BartFare.swift in Sources */ = {isa = PBXBuildFile; fileRef = 41307AB04AACA829D1167E3C /* BartFare.swift */; };
		4130734D859391B72836C432 /* TrainViewController.swift in Sources */ = {isa = PBXBuildFile; fileRef = 41307F76C8FFC128C0D60A69 /* TrainViewController.swift */; };
		413073602F2E36694DC62805 /* CacheFavoriteRepository.swift in Sources */ = {isa = PBXBuildFile; fileRef = 413074BBB7260CCE37D189DB /* CacheFavoriteRepository.swift */; };
		4130737DD5D8AAC3B3E98BB0 /* CacheStationRepository.swift in Sources */ = {isa = PBXBuildFile; fileRef = 413071B1BA34BC38E060BCB4 /* CacheStationRepository.swift */; };
		4130739F74E46BDFBA813E36 /* BartScheduleRepository.swift in Sources */ = {isa = PBXBuildFile; fileRef = 41307EF57EBAB1ECDF21F12D /* BartScheduleRepository.swift */; };
		4130745F3AC3171045664FA8 /* StationPickerViewController.swift in Sources */ = {isa = PBXBuildFile; fileRef = 4130797C522F4F7B238ACD56 /* StationPickerViewController.swift */; };
		413074A3636BA49BF1EAC5B6 /* FavoriteDetailViewController.swift in Sources */ = {isa = PBXBuildFile; fileRef = 41307E520CC666034B9A3447 /* FavoriteDetailViewController.swift */; };
		413074B95387E3C0AC7F3560 /* AddToFavoriteCell.swift in Sources */ = {isa = PBXBuildFile; fileRef = 41307FC19F36ACB4F94A700D /* AddToFavoriteCell.swift */; };
		413075CBFEE6E124EC352A12 /* RouteDetailContentList.swift in Sources */ = {isa = PBXBuildFile; fileRef = 41307293FFF8F6FEEEA4BEAD /* RouteDetailContentList.swift */; };
		413075D51DCBF1DCA8609809 /* ScheduleService.swift in Sources */ = {isa = PBXBuildFile; fileRef = 413077C94FD4CCB84D1120FB /* ScheduleService.swift */; };
		413076ABAAF5C14E6ED12C12 /* Route.swift in Sources */ = {isa = PBXBuildFile; fileRef = 413070C79BE5647A30B97FD0 /* Route.swift */; };
		413076BDEB5174D79F47A4ED /* RouteDetailMapView.swift in Sources */ = {isa = PBXBuildFile; fileRef = 41307DCCACEC6CB425CC3948 /* RouteDetailMapView.swift */; };
		413076C921670C17FF7D83C7 /* RoundCornerNavigationBar.swift in Sources */ = {isa = PBXBuildFile; fileRef = 41307283170E3B402604ED90 /* RoundCornerNavigationBar.swift */; };
		41307730FA8A5116E284C483 /* DataUtil.swift in Sources */ = {isa = PBXBuildFile; fileRef = 413074802997276ED007F83F /* DataUtil.swift */; };
		41307745E3889186354343C3 /* TripDetailView.swift in Sources */ = {isa = PBXBuildFile; fileRef = 41307B7C4DF8EA846DE09B5F /* TripDetailView.swift */; };
		413077CED986DA9634EEF547 /* BartTabBarController.swift in Sources */ = {isa = PBXBuildFile; fileRef = 41307BD2DBD2D37CC13E00F0 /* BartTabBarController.swift */; };
		4130780E1A7CD3366BB79035 /* CacheRouteRepository.swift in Sources */ = {isa = PBXBuildFile; fileRef = 41307E06BA97D0334D8F0F0A /* CacheRouteRepository.swift */; };
		41307946F36AC9E909BCB8F8 /* StationSearchBar.swift in Sources */ = {isa = PBXBuildFile; fileRef = 41307D41E84EACEEDC2C09EF /* StationSearchBar.swift */; };
		4130794DAFA49EDCDCB07FD2 /* .gitignore in Resources */ = {isa = PBXBuildFile; fileRef = 41307814C2BF08E75FBBC622 /* .gitignore */; };
		4130797064201D98933B1D63 /* DepartureListCell.swift in Sources */ = {isa = PBXBuildFile; fileRef = 41307015BDDFE1ECF41B2FCE /* DepartureListCell.swift */; };
		41307975F18829619C739946 /* FavoriteViewController.swift in Sources */ = {isa = PBXBuildFile; fileRef = 41307ACFBB3B5EF7DA8F9FF1 /* FavoriteViewController.swift */; };
		41307992B6D7FDD86116FEE4 /* DataCache.swift in Sources */ = {isa = PBXBuildFile; fileRef = 41307173079DB74D48953F63 /* DataCache.swift */; };
		413079A1774ACB8CC4057AD6 /* DetourRoute.swift in Sources */ = {isa = PBXBuildFile; fileRef = 41307DCEA1FEB8055747F050 /* DetourRoute.swift */; };
		413079AC61F58CE0CD1FE493 /* RouteService.swift in Sources */ = {isa = PBXBuildFile; fileRef = 41307DD9B46A122DFF3DCD7C /* RouteService.swift */; };
		41307B0BB2E004EB49E9B1E2 /* BartStationRepository.swift in Sources */ = {isa = PBXBuildFile; fileRef = 41307555D947DBEA73309FF3 /* BartStationRepository.swift */; };
		41307B4D1F77E5C10B4E9308 /* StationTableCell.swift in Sources */ = {isa = PBXBuildFile; fileRef = 413074942B498CB850962821 /* StationTableCell.swift */; };
		41307B8ABDC1FB86CDBBCB88 /* TripListView.swift in Sources */ = {isa = PBXBuildFile; fileRef = 4130766E0F3E04F5CE2C2061 /* TripListView.swift */; };
		41307C6A617FD45DE21E6DDA /* BartService.swift in Sources */ = {isa = PBXBuildFile; fileRef = 4130703FB6F15D30C027D117 /* BartService.swift */; };
		41307C8E5E43E2744A48C05A /* FavoriteListHeader.swift in Sources */ = {isa = PBXBuildFile; fileRef = 413077C3F5A202383A5A8716 /* FavoriteListHeader.swift */; };
		41307D4FC4821A17E9E949AC /* BartRouteRepository.swift in Sources */ = {isa = PBXBuildFile; fileRef = 4130734058972DA44E142AE0 /* BartRouteRepository.swift */; };
		41307D62B68984D10FC68B5D /* RealTimeService.swift in Sources */ = {isa = PBXBuildFile; fileRef = 413077A316DDFD7A7ABFAFFC /* RealTimeService.swift */; };
		41307DD39AB99C17C895D21D /* EstimatedDeparture.swift in Sources */ = {isa = PBXBuildFile; fileRef = 413077F823C3C8259DB2867B /* EstimatedDeparture.swift */; };
		41307DFE45BC50CA23B15924 /* FavoriteService.swift in Sources */ = {isa = PBXBuildFile; fileRef = 41307919A12CA528FFD4313A /* FavoriteService.swift */; };
		41307EF7A90CCD4B02D14975 /* DateUtil.swift in Sources */ = {isa = PBXBuildFile; fileRef = 41307B4AC844FE52CF5EBB1D /* DateUtil.swift */; };
		41307F0F52B4863F97CD798F /* TripListCell.swift in Sources */ = {isa = PBXBuildFile; fileRef = 41307116678EE8816CC76228 /* TripListCell.swift */; };
		9881A4E37667AA97F23CE2A3 /* Pods_Go_BartTests.framework in Frameworks */ = {isa = PBXBuildFile; fileRef = E896756EB5EB17F2A1D03854 /* Pods_Go_BartTests.framework */; };
		A262A15872471633C1BB5A3B /* Pods_Go_BartUITests.framework in Frameworks */ = {isa = PBXBuildFile; fileRef = 947DA7ACADA62FD3E554F0FB /* Pods_Go_BartUITests.framework */; };
		ABFAA6662117A9E9006C0B47 /* AppDelegate.swift in Sources */ = {isa = PBXBuildFile; fileRef = ABFAA6652117A9E9006C0B47 /* AppDelegate.swift */; };
		ABFAA6712117A9EA006C0B47 /* Assets.xcassets in Resources */ = {isa = PBXBuildFile; fileRef = ABFAA6702117A9EA006C0B47 /* Assets.xcassets */; };
		ABFAA67F2117A9EA006C0B47 /* Go_BartTests.swift in Sources */ = {isa = PBXBuildFile; fileRef = ABFAA67E2117A9EA006C0B47 /* Go_BartTests.swift */; };
		ABFAA68A2117A9EA006C0B47 /* Go_BartUITests.swift in Sources */ = {isa = PBXBuildFile; fileRef = ABFAA6892117A9EA006C0B47 /* Go_BartUITests.swift */; };
		B6F695E7A9FAB13314F90503 /* Icons.swift in Sources */ = {isa = PBXBuildFile; fileRef = B6F69B9688087EAC29DFB3E2 /* Icons.swift */; };
		B6F697CA4AA061A552E9ACFD /* Station.swift in Sources */ = {isa = PBXBuildFile; fileRef = B6F69F01A95831136D1740AF /* Station.swift */; };
		B6F69EA701ADF1B4F5FD4396 /* StationService.swift in Sources */ = {isa = PBXBuildFile; fileRef = B6F6971508E39DCC4CC5652E /* StationService.swift */; };
/* End PBXBuildFile section */

/* Begin PBXContainerItemProxy section */
		ABFAA67B2117A9EA006C0B47 /* PBXContainerItemProxy */ = {
			isa = PBXContainerItemProxy;
			containerPortal = ABFAA65A2117A9E9006C0B47 /* Project object */;
			proxyType = 1;
			remoteGlobalIDString = ABFAA6612117A9E9006C0B47;
			remoteInfo = "Go Bart";
		};
		ABFAA6862117A9EA006C0B47 /* PBXContainerItemProxy */ = {
			isa = PBXContainerItemProxy;
			containerPortal = ABFAA65A2117A9E9006C0B47 /* Project object */;
			proxyType = 1;
			remoteGlobalIDString = ABFAA6612117A9E9006C0B47;
			remoteInfo = "Go Bart";
		};
/* End PBXContainerItemProxy section */

/* Begin PBXFileReference section */
		0778C7E6B0A9FBCB71764D03 /* Pods-Go BartTests.debug.xcconfig */ = {isa = PBXFileReference; includeInIndex = 1; lastKnownFileType = text.xcconfig; name = "Pods-Go BartTests.debug.xcconfig"; path = "Pods/Target Support Files/Pods-Go BartTests/Pods-Go BartTests.debug.xcconfig"; sourceTree = "<group>"; };
		1088AA052B27B0AE54A1085B /* Pods-Bartie.release.xcconfig */ = {isa = PBXFileReference; includeInIndex = 1; lastKnownFileType = text.xcconfig; name = "Pods-Bartie.release.xcconfig"; path = "Pods/Target Support Files/Pods-Bartie/Pods-Bartie.release.xcconfig"; sourceTree = "<group>"; };
		11A2E0613392F18435A42928 /* Pods-BartieTests.release.xcconfig */ = {isa = PBXFileReference; includeInIndex = 1; lastKnownFileType = text.xcconfig; name = "Pods-BartieTests.release.xcconfig"; path = "Pods/Target Support Files/Pods-BartieTests/Pods-BartieTests.release.xcconfig"; sourceTree = "<group>"; };
		14B10E3A7BC962EA8D378EAB /* Pods-Go Bart.release.xcconfig */ = {isa = PBXFileReference; includeInIndex = 1; lastKnownFileType = text.xcconfig; name = "Pods-Go Bart.release.xcconfig"; path = "Pods/Target Support Files/Pods-Go Bart/Pods-Go Bart.release.xcconfig"; sourceTree = "<group>"; };
		17EFFA8F10A0314365971789 /* Pods-Go BartTests.release.xcconfig */ = {isa = PBXFileReference; includeInIndex = 1; lastKnownFileType = text.xcconfig; name = "Pods-Go BartTests.release.xcconfig"; path = "Pods/Target Support Files/Pods-Go BartTests/Pods-Go BartTests.release.xcconfig"; sourceTree = "<group>"; };
		1984548F87E05FA41F2A625B /* Pods-BartieUITests.debug.xcconfig */ = {isa = PBXFileReference; includeInIndex = 1; lastKnownFileType = text.xcconfig; name = "Pods-BartieUITests.debug.xcconfig"; path = "Pods/Target Support Files/Pods-BartieUITests/Pods-BartieUITests.debug.xcconfig"; sourceTree = "<group>"; };
		243CF3C0265611F11968284A /* Pods_BartieUITests.framework */ = {isa = PBXFileReference; explicitFileType = wrapper.framework; includeInIndex = 0; path = Pods_BartieUITests.framework; sourceTree = BUILT_PRODUCTS_DIR; };
		41307015BDDFE1ECF41B2FCE /* DepartureListCell.swift */ = {isa = PBXFileReference; fileEncoding = 4; lastKnownFileType = sourcecode.swift; path = DepartureListCell.swift; sourceTree = "<group>"; };
		4130703FB6F15D30C027D117 /* BartService.swift */ = {isa = PBXFileReference; fileEncoding = 4; lastKnownFileType = sourcecode.swift; path = BartService.swift; sourceTree = "<group>"; };
		413070C79BE5647A30B97FD0 /* Route.swift */ = {isa = PBXFileReference; fileEncoding = 4; lastKnownFileType = sourcecode.swift; path = Route.swift; sourceTree = "<group>"; };
		41307116678EE8816CC76228 /* TripListCell.swift */ = {isa = PBXFileReference; fileEncoding = 4; lastKnownFileType = sourcecode.swift; path = TripListCell.swift; sourceTree = "<group>"; };
		41307152E7F34B032CBC8C15 /* RouteDetailViewController.swift */ = {isa = PBXFileReference; fileEncoding = 4; lastKnownFileType = sourcecode.swift; path = RouteDetailViewController.swift; sourceTree = "<group>"; };
		41307173079DB74D48953F63 /* DataCache.swift */ = {isa = PBXFileReference; fileEncoding = 4; lastKnownFileType = sourcecode.swift; path = DataCache.swift; sourceTree = "<group>"; };
		413071B1BA34BC38E060BCB4 /* CacheStationRepository.swift */ = {isa = PBXFileReference; fileEncoding = 4; lastKnownFileType = sourcecode.swift; path = CacheStationRepository.swift; sourceTree = "<group>"; };
		41307283170E3B402604ED90 /* RoundCornerNavigationBar.swift */ = {isa = PBXFileReference; fileEncoding = 4; lastKnownFileType = sourcecode.swift; path = RoundCornerNavigationBar.swift; sourceTree = "<group>"; };
		41307293FFF8F6FEEEA4BEAD /* RouteDetailContentList.swift */ = {isa = PBXFileReference; fileEncoding = 4; lastKnownFileType = sourcecode.swift; path = RouteDetailContentList.swift; sourceTree = "<group>"; };
		413072F6B6AB6848B5DA04D6 /* Trip.swift */ = {isa = PBXFileReference; fileEncoding = 4; lastKnownFileType = sourcecode.swift; path = Trip.swift; sourceTree = "<group>"; };
		4130734058972DA44E142AE0 /* BartRouteRepository.swift */ = {isa = PBXFileReference; fileEncoding = 4; lastKnownFileType = sourcecode.swift; path = BartRouteRepository.swift; sourceTree = "<group>"; };
		413074802997276ED007F83F /* DataUtil.swift */ = {isa = PBXFileReference; fileEncoding = 4; lastKnownFileType = sourcecode.swift; path = DataUtil.swift; sourceTree = "<group>"; };
		413074942B498CB850962821 /* StationTableCell.swift */ = {isa = PBXFileReference; fileEncoding = 4; lastKnownFileType = sourcecode.swift; path = StationTableCell.swift; sourceTree = "<group>"; };
		413074BBB7260CCE37D189DB /* CacheFavoriteRepository.swift */ = {isa = PBXFileReference; fileEncoding = 4; lastKnownFileType = sourcecode.swift; path = CacheFavoriteRepository.swift; sourceTree = "<group>"; };
		41307555D947DBEA73309FF3 /* BartStationRepository.swift */ = {isa = PBXFileReference; fileEncoding = 4; lastKnownFileType = sourcecode.swift; path = BartStationRepository.swift; sourceTree = "<group>"; };
		413075EE991F15BAD4DBE0F0 /* Favorite.swift */ = {isa = PBXFileReference; fileEncoding = 4; lastKnownFileType = sourcecode.swift; path = Favorite.swift; sourceTree = "<group>"; };
		4130764DE41C5C7741C1BF9A /* DepartureListView.swift */ = {isa = PBXFileReference; fileEncoding = 4; lastKnownFileType = sourcecode.swift; path = DepartureListView.swift; sourceTree = "<group>"; };
		4130766E0F3E04F5CE2C2061 /* TripListView.swift */ = {isa = PBXFileReference; fileEncoding = 4; lastKnownFileType = sourcecode.swift; path = TripListView.swift; sourceTree = "<group>"; };
		413077A316DDFD7A7ABFAFFC /* RealTimeService.swift */ = {isa = PBXFileReference; fileEncoding = 4; lastKnownFileType = sourcecode.swift; path = RealTimeService.swift; sourceTree = "<group>"; };
		413077C3F5A202383A5A8716 /* FavoriteListHeader.swift */ = {isa = PBXFileReference; fileEncoding = 4; lastKnownFileType = sourcecode.swift; path = FavoriteListHeader.swift; sourceTree = "<group>"; };
		413077C94FD4CCB84D1120FB /* ScheduleService.swift */ = {isa = PBXFileReference; fileEncoding = 4; lastKnownFileType = sourcecode.swift; path = ScheduleService.swift; sourceTree = "<group>"; };
		413077F823C3C8259DB2867B /* EstimatedDeparture.swift */ = {isa = PBXFileReference; fileEncoding = 4; lastKnownFileType = sourcecode.swift; path = EstimatedDeparture.swift; sourceTree = "<group>"; };
		41307814C2BF08E75FBBC622 /* .gitignore */ = {isa = PBXFileReference; lastKnownFileType = file.gitignore; path = .gitignore; sourceTree = "<group>"; };
		41307919A12CA528FFD4313A /* FavoriteService.swift */ = {isa = PBXFileReference; fileEncoding = 4; lastKnownFileType = sourcecode.swift; path = FavoriteService.swift; sourceTree = "<group>"; };
		4130797C522F4F7B238ACD56 /* StationPickerViewController.swift */ = {isa = PBXFileReference; fileEncoding = 4; lastKnownFileType = sourcecode.swift; path = StationPickerViewController.swift; sourceTree = "<group>"; };
		41307AB04AACA829D1167E3C /* BartFare.swift */ = {isa = PBXFileReference; fileEncoding = 4; lastKnownFileType = sourcecode.swift; path = BartFare.swift; sourceTree = "<group>"; };
		41307ACFBB3B5EF7DA8F9FF1 /* FavoriteViewController.swift */ = {isa = PBXFileReference; fileEncoding = 4; lastKnownFileType = sourcecode.swift; path = FavoriteViewController.swift; sourceTree = "<group>"; };
		41307B359C984F8FA27E3F40 /* BartRealTimeRepository.swift */ = {isa = PBXFileReference; fileEncoding = 4; lastKnownFileType = sourcecode.swift; path = BartRealTimeRepository.swift; sourceTree = "<group>"; };
		41307B4AC844FE52CF5EBB1D /* DateUtil.swift */ = {isa = PBXFileReference; fileEncoding = 4; lastKnownFileType = sourcecode.swift; path = DateUtil.swift; sourceTree = "<group>"; };
		41307B7C4DF8EA846DE09B5F /* TripDetailView.swift */ = {isa = PBXFileReference; fileEncoding = 4; lastKnownFileType = sourcecode.swift; path = TripDetailView.swift; sourceTree = "<group>"; };
		41307BD2DBD2D37CC13E00F0 /* BartTabBarController.swift */ = {isa = PBXFileReference; fileEncoding = 4; lastKnownFileType = sourcecode.swift; path = BartTabBarController.swift; sourceTree = "<group>"; };
		41307D0F6D75DDD7C2FDE0A4 /* CurrentStation.swift */ = {isa = PBXFileReference; fileEncoding = 4; lastKnownFileType = sourcecode.swift; path = CurrentStation.swift; sourceTree = "<group>"; };
		41307D41E84EACEEDC2C09EF /* StationSearchBar.swift */ = {isa = PBXFileReference; fileEncoding = 4; lastKnownFileType = sourcecode.swift; path = StationSearchBar.swift; sourceTree = "<group>"; };
		41307D6489C62A21B01795B9 /* Settings.swift */ = {isa = PBXFileReference; fileEncoding = 4; lastKnownFileType = sourcecode.swift; path = Settings.swift; sourceTree = "<group>"; };
		41307DCCACEC6CB425CC3948 /* RouteDetailMapView.swift */ = {isa = PBXFileReference; fileEncoding = 4; lastKnownFileType = sourcecode.swift; path = RouteDetailMapView.swift; sourceTree = "<group>"; };
		41307DCEA1FEB8055747F050 /* DetourRoute.swift */ = {isa = PBXFileReference; fileEncoding = 4; lastKnownFileType = sourcecode.swift; path = DetourRoute.swift; sourceTree = "<group>"; };
		41307DD9B46A122DFF3DCD7C /* RouteService.swift */ = {isa = PBXFileReference; fileEncoding = 4; lastKnownFileType = sourcecode.swift; path = RouteService.swift; sourceTree = "<group>"; };
		41307E06BA97D0334D8F0F0A /* CacheRouteRepository.swift */ = {isa = PBXFileReference; fileEncoding = 4; lastKnownFileType = sourcecode.swift; path = CacheRouteRepository.swift; sourceTree = "<group>"; };
		41307E520CC666034B9A3447 /* FavoriteDetailViewController.swift */ = {isa = PBXFileReference; fileEncoding = 4; lastKnownFileType = sourcecode.swift; path = FavoriteDetailViewController.swift; sourceTree = "<group>"; };
		41307EF57EBAB1ECDF21F12D /* BartScheduleRepository.swift */ = {isa = PBXFileReference; fileEncoding = 4; lastKnownFileType = sourcecode.swift; path = BartScheduleRepository.swift; sourceTree = "<group>"; };
		41307F76C8FFC128C0D60A69 /* TrainViewController.swift */ = {isa = PBXFileReference; fileEncoding = 4; lastKnownFileType = sourcecode.swift; path = TrainViewController.swift; sourceTree = "<group>"; };
		41307FC19F36ACB4F94A700D /* AddToFavoriteCell.swift */ = {isa = PBXFileReference; fileEncoding = 4; lastKnownFileType = sourcecode.swift; path = AddToFavoriteCell.swift; sourceTree = "<group>"; };
		4331D8CCFC94A074F1702A16 /* Pods-Go Bart.debug.xcconfig */ = {isa = PBXFileReference; includeInIndex = 1; lastKnownFileType = text.xcconfig; name = "Pods-Go Bart.debug.xcconfig"; path = "Pods/Target Support Files/Pods-Go Bart/Pods-Go Bart.debug.xcconfig"; sourceTree = "<group>"; };
		476D011A4C4049DB0397FAEC /* Pods_Go_Bart.framework */ = {isa = PBXFileReference; explicitFileType = wrapper.framework; includeInIndex = 0; path = Pods_Go_Bart.framework; sourceTree = BUILT_PRODUCTS_DIR; };
		4CE003E28F691FC91A019358 /* Pods-Go BartUITests.release.xcconfig */ = {isa = PBXFileReference; includeInIndex = 1; lastKnownFileType = text.xcconfig; name = "Pods-Go BartUITests.release.xcconfig"; path = "Pods/Target Support Files/Pods-Go BartUITests/Pods-Go BartUITests.release.xcconfig"; sourceTree = "<group>"; };
		57BA2E9EF9700FF270E405F0 /* Pods-Go BartUITests.debug.xcconfig */ = {isa = PBXFileReference; includeInIndex = 1; lastKnownFileType = text.xcconfig; name = "Pods-Go BartUITests.debug.xcconfig"; path = "Pods/Target Support Files/Pods-Go BartUITests/Pods-Go BartUITests.debug.xcconfig"; sourceTree = "<group>"; };
		6E91DD02289E9511C4717779 /* Pods_BartieTests.framework */ = {isa = PBXFileReference; explicitFileType = wrapper.framework; includeInIndex = 0; path = Pods_BartieTests.framework; sourceTree = BUILT_PRODUCTS_DIR; };
		710BA11CE9F8DAD053D60EBA /* Pods_Bartie.framework */ = {isa = PBXFileReference; explicitFileType = wrapper.framework; includeInIndex = 0; path = Pods_Bartie.framework; sourceTree = BUILT_PRODUCTS_DIR; };
		9383AD104958F8C3E289AE3D /* Pods-BartieUITests.release.xcconfig */ = {isa = PBXFileReference; includeInIndex = 1; lastKnownFileType = text.xcconfig; name = "Pods-BartieUITests.release.xcconfig"; path = "Pods/Target Support Files/Pods-BartieUITests/Pods-BartieUITests.release.xcconfig"; sourceTree = "<group>"; };
		947DA7ACADA62FD3E554F0FB /* Pods_Go_BartUITests.framework */ = {isa = PBXFileReference; explicitFileType = wrapper.framework; includeInIndex = 0; path = Pods_Go_BartUITests.framework; sourceTree = BUILT_PRODUCTS_DIR; };
		ABFAA6622117A9E9006C0B47 /* Bartie.app */ = {isa = PBXFileReference; explicitFileType = wrapper.application; includeInIndex = 0; path = Bartie.app; sourceTree = BUILT_PRODUCTS_DIR; };
		ABFAA6652117A9E9006C0B47 /* AppDelegate.swift */ = {isa = PBXFileReference; lastKnownFileType = sourcecode.swift; path = AppDelegate.swift; sourceTree = "<group>"; };
		ABFAA6702117A9EA006C0B47 /* Assets.xcassets */ = {isa = PBXFileReference; lastKnownFileType = folder.assetcatalog; path = Assets.xcassets; sourceTree = "<group>"; };
		ABFAA6752117A9EA006C0B47 /* Info.plist */ = {isa = PBXFileReference; lastKnownFileType = text.plist.xml; path = Info.plist; sourceTree = "<group>"; };
		ABFAA67A2117A9EA006C0B47 /* BartieTests.xctest */ = {isa = PBXFileReference; explicitFileType = wrapper.cfbundle; includeInIndex = 0; path = BartieTests.xctest; sourceTree = BUILT_PRODUCTS_DIR; };
		ABFAA67E2117A9EA006C0B47 /* Go_BartTests.swift */ = {isa = PBXFileReference; lastKnownFileType = sourcecode.swift; path = Go_BartTests.swift; sourceTree = "<group>"; };
		ABFAA6802117A9EA006C0B47 /* Info.plist */ = {isa = PBXFileReference; lastKnownFileType = text.plist.xml; path = Info.plist; sourceTree = "<group>"; };
		ABFAA6852117A9EA006C0B47 /* BartieUITests.xctest */ = {isa = PBXFileReference; explicitFileType = wrapper.cfbundle; includeInIndex = 0; path = BartieUITests.xctest; sourceTree = BUILT_PRODUCTS_DIR; };
		ABFAA6892117A9EA006C0B47 /* Go_BartUITests.swift */ = {isa = PBXFileReference; lastKnownFileType = sourcecode.swift; path = Go_BartUITests.swift; sourceTree = "<group>"; };
		ABFAA68B2117A9EA006C0B47 /* Info.plist */ = {isa = PBXFileReference; lastKnownFileType = text.plist.xml; path = Info.plist; sourceTree = "<group>"; };
		B6796C331BA4AB5AAA7367AA /* Pods-BartieTests.debug.xcconfig */ = {isa = PBXFileReference; includeInIndex = 1; lastKnownFileType = text.xcconfig; name = "Pods-BartieTests.debug.xcconfig"; path = "Pods/Target Support Files/Pods-BartieTests/Pods-BartieTests.debug.xcconfig"; sourceTree = "<group>"; };
		B6F6971508E39DCC4CC5652E /* StationService.swift */ = {isa = PBXFileReference; fileEncoding = 4; lastKnownFileType = sourcecode.swift; path = StationService.swift; sourceTree = "<group>"; };
		B6F69B9688087EAC29DFB3E2 /* Icons.swift */ = {isa = PBXFileReference; fileEncoding = 4; lastKnownFileType = sourcecode.swift; path = Icons.swift; sourceTree = "<group>"; };
		B6F69F01A95831136D1740AF /* Station.swift */ = {isa = PBXFileReference; fileEncoding = 4; lastKnownFileType = sourcecode.swift; path = Station.swift; sourceTree = "<group>"; };
		E3D836CA3402C337142E0865 /* Pods-Bartie.debug.xcconfig */ = {isa = PBXFileReference; includeInIndex = 1; lastKnownFileType = text.xcconfig; name = "Pods-Bartie.debug.xcconfig"; path = "Pods/Target Support Files/Pods-Bartie/Pods-Bartie.debug.xcconfig"; sourceTree = "<group>"; };
		E896756EB5EB17F2A1D03854 /* Pods_Go_BartTests.framework */ = {isa = PBXFileReference; explicitFileType = wrapper.framework; includeInIndex = 0; path = Pods_Go_BartTests.framework; sourceTree = BUILT_PRODUCTS_DIR; };
/* End PBXFileReference section */

/* Begin PBXFrameworksBuildPhase section */
		ABFAA65F2117A9E9006C0B47 /* Frameworks */ = {
			isa = PBXFrameworksBuildPhase;
			buildActionMask = 2147483647;
			files = (
				3D9018AD94F24D453A274807 /* Pods_Bartie.framework in Frameworks */,
			);
			runOnlyForDeploymentPostprocessing = 0;
		};
		ABFAA6772117A9EA006C0B47 /* Frameworks */ = {
			isa = PBXFrameworksBuildPhase;
			buildActionMask = 2147483647;
			files = (
				9881A4E37667AA97F23CE2A3 /* Pods_Go_BartTests.framework in Frameworks */,
				06AAE95E4A1F2949B1E7C964 /* Pods_BartieTests.framework in Frameworks */,
			);
			runOnlyForDeploymentPostprocessing = 0;
		};
		ABFAA6822117A9EA006C0B47 /* Frameworks */ = {
			isa = PBXFrameworksBuildPhase;
			buildActionMask = 2147483647;
			files = (
				A262A15872471633C1BB5A3B /* Pods_Go_BartUITests.framework in Frameworks */,
				0B653ED9A4659498B9B19DE7 /* Pods_BartieUITests.framework in Frameworks */,
			);
			runOnlyForDeploymentPostprocessing = 0;
		};
/* End PBXFrameworksBuildPhase section */

/* Begin PBXGroup section */
		31A192E01A4D4DEC561319AE /* Pods */ = {
			isa = PBXGroup;
			children = (
				4331D8CCFC94A074F1702A16 /* Pods-Go Bart.debug.xcconfig */,
				14B10E3A7BC962EA8D378EAB /* Pods-Go Bart.release.xcconfig */,
				0778C7E6B0A9FBCB71764D03 /* Pods-Go BartTests.debug.xcconfig */,
				17EFFA8F10A0314365971789 /* Pods-Go BartTests.release.xcconfig */,
				57BA2E9EF9700FF270E405F0 /* Pods-Go BartUITests.debug.xcconfig */,
				4CE003E28F691FC91A019358 /* Pods-Go BartUITests.release.xcconfig */,
				E3D836CA3402C337142E0865 /* Pods-Bartie.debug.xcconfig */,
				1088AA052B27B0AE54A1085B /* Pods-Bartie.release.xcconfig */,
				B6796C331BA4AB5AAA7367AA /* Pods-BartieTests.debug.xcconfig */,
				11A2E0613392F18435A42928 /* Pods-BartieTests.release.xcconfig */,
				1984548F87E05FA41F2A625B /* Pods-BartieUITests.debug.xcconfig */,
				9383AD104958F8C3E289AE3D /* Pods-BartieUITests.release.xcconfig */,
			);
			name = Pods;
			sourceTree = "<group>";
		};
		4130704AB2690CD3DB918C1C /* Utility */ = {
			isa = PBXGroup;
			children = (
				41307173079DB74D48953F63 /* DataCache.swift */,
				41307B4AC844FE52CF5EBB1D /* DateUtil.swift */,
				413074802997276ED007F83F /* DataUtil.swift */,
				B6F69B9688087EAC29DFB3E2 /* Icons.swift */,
				41307D6489C62A21B01795B9 /* Settings.swift */,
				4130703FB6F15D30C027D117 /* BartService.swift */,
			);
			path = Utility;
			sourceTree = "<group>";
		};
		4130721595BBE6B473A2ACA8 /* Controller */ = {
			isa = PBXGroup;
			children = (
				41307969E67829DEAF867191 /* RouteDetail */,
				41307DF548A692F9ED8A5484 /* FavoriteDetail */,
				41307F60C93EA835EE1FFC50 /* Favorite */,
				41307A0427FDC9C81691C5A3 /* StationPicker */,
				41307F0419B99564CB13317D /* Train */,
				41307BD2DBD2D37CC13E00F0 /* BartTabBarController.swift */,
			);
			path = Controller;
			sourceTree = "<group>";
		};
		413073D4AB5F0DDF0AEA11B9 /* Repository */ = {
			isa = PBXGroup;
			children = (
				413071B1BA34BC38E060BCB4 /* CacheStationRepository.swift */,
				41307E06BA97D0334D8F0F0A /* CacheRouteRepository.swift */,
				413074BBB7260CCE37D189DB /* CacheFavoriteRepository.swift */,
				41307555D947DBEA73309FF3 /* BartStationRepository.swift */,
				4130734058972DA44E142AE0 /* BartRouteRepository.swift */,
				41307EF57EBAB1ECDF21F12D /* BartScheduleRepository.swift */,
				41307B359C984F8FA27E3F40 /* BartRealTimeRepository.swift */,
			);
			path = Repository;
			sourceTree = "<group>";
		};
		41307969E67829DEAF867191 /* RouteDetail */ = {
			isa = PBXGroup;
			children = (
				41307152E7F34B032CBC8C15 /* RouteDetailViewController.swift */,
				41307DCCACEC6CB425CC3948 /* RouteDetailMapView.swift */,
				41307B7C4DF8EA846DE09B5F /* TripDetailView.swift */,
				41307293FFF8F6FEEEA4BEAD /* RouteDetailContentList.swift */,
				41307AB04AACA829D1167E3C /* BartFare.swift */,
			);
			path = RouteDetail;
			sourceTree = "<group>";
		};
		41307A0427FDC9C81691C5A3 /* StationPicker */ = {
			isa = PBXGroup;
			children = (
				4130797C522F4F7B238ACD56 /* StationPickerViewController.swift */,
				413074942B498CB850962821 /* StationTableCell.swift */,
			);
			path = StationPicker;
			sourceTree = "<group>";
		};
		41307B871345699275FF19A6 /* Component */ = {
			isa = PBXGroup;
			children = (
				41307116678EE8816CC76228 /* TripListCell.swift */,
				41307283170E3B402604ED90 /* RoundCornerNavigationBar.swift */,
			);
			path = Component;
			sourceTree = "<group>";
		};
		41307DF548A692F9ED8A5484 /* FavoriteDetail */ = {
			isa = PBXGroup;
			children = (
				41307E520CC666034B9A3447 /* FavoriteDetailViewController.swift */,
				41307DCEA1FEB8055747F050 /* DetourRoute.swift */,
				41307D0F6D75DDD7C2FDE0A4 /* CurrentStation.swift */,
			);
			path = FavoriteDetail;
			sourceTree = "<group>";
		};
		41307F0419B99564CB13317D /* Train */ = {
			isa = PBXGroup;
			children = (
				41307F76C8FFC128C0D60A69 /* TrainViewController.swift */,
				4130764DE41C5C7741C1BF9A /* DepartureListView.swift */,
				41307015BDDFE1ECF41B2FCE /* DepartureListCell.swift */,
				41307D41E84EACEEDC2C09EF /* StationSearchBar.swift */,
				4130766E0F3E04F5CE2C2061 /* TripListView.swift */,
				41307FC19F36ACB4F94A700D /* AddToFavoriteCell.swift */,
			);
			path = Train;
			sourceTree = "<group>";
		};
		41307F60C93EA835EE1FFC50 /* Favorite */ = {
			isa = PBXGroup;
			children = (
				41307ACFBB3B5EF7DA8F9FF1 /* FavoriteViewController.swift */,
				413077C3F5A202383A5A8716 /* FavoriteListHeader.swift */,
			);
			path = Favorite;
			sourceTree = "<group>";
		};
		682003471E4ECB3DEA237418 /* Frameworks */ = {
			isa = PBXGroup;
			children = (
				476D011A4C4049DB0397FAEC /* Pods_Go_Bart.framework */,
				E896756EB5EB17F2A1D03854 /* Pods_Go_BartTests.framework */,
				947DA7ACADA62FD3E554F0FB /* Pods_Go_BartUITests.framework */,
				710BA11CE9F8DAD053D60EBA /* Pods_Bartie.framework */,
				6E91DD02289E9511C4717779 /* Pods_BartieTests.framework */,
				243CF3C0265611F11968284A /* Pods_BartieUITests.framework */,
			);
			name = Frameworks;
			sourceTree = "<group>";
		};
		ABFAA6592117A9E9006C0B47 = {
			isa = PBXGroup;
			children = (
				ABFAA6642117A9E9006C0B47 /* Bartie */,
				ABFAA67D2117A9EA006C0B47 /* BartieTests */,
				ABFAA6882117A9EA006C0B47 /* BartieUITests */,
				ABFAA6632117A9E9006C0B47 /* Products */,
				41307814C2BF08E75FBBC622 /* .gitignore */,
				31A192E01A4D4DEC561319AE /* Pods */,
				682003471E4ECB3DEA237418 /* Frameworks */,
			);
			sourceTree = "<group>";
		};
		ABFAA6632117A9E9006C0B47 /* Products */ = {
			isa = PBXGroup;
			children = (
				ABFAA6622117A9E9006C0B47 /* Bartie.app */,
				ABFAA67A2117A9EA006C0B47 /* BartieTests.xctest */,
				ABFAA6852117A9EA006C0B47 /* BartieUITests.xctest */,
			);
			name = Products;
			sourceTree = "<group>";
		};
		ABFAA6642117A9E9006C0B47 /* Bartie */ = {
			isa = PBXGroup;
			children = (
				ABFAA6752117A9EA006C0B47 /* Info.plist */,
				ABFAA6652117A9E9006C0B47 /* AppDelegate.swift */,
				ABFAA6702117A9EA006C0B47 /* Assets.xcassets */,
				B6F69F0C1A6C879B680E5F15 /* Entity */,
				B6F695A20BE67EFFF57A0D5F /* Service */,
				4130704AB2690CD3DB918C1C /* Utility */,
				413073D4AB5F0DDF0AEA11B9 /* Repository */,
				4130721595BBE6B473A2ACA8 /* Controller */,
				41307B871345699275FF19A6 /* Component */,
			);
			path = Bartie;
			sourceTree = "<group>";
		};
		ABFAA67D2117A9EA006C0B47 /* BartieTests */ = {
			isa = PBXGroup;
			children = (
				ABFAA67E2117A9EA006C0B47 /* Go_BartTests.swift */,
				ABFAA6802117A9EA006C0B47 /* Info.plist */,
			);
			path = BartieTests;
			sourceTree = "<group>";
		};
		ABFAA6882117A9EA006C0B47 /* BartieUITests */ = {
			isa = PBXGroup;
			children = (
				ABFAA6892117A9EA006C0B47 /* Go_BartUITests.swift */,
				ABFAA68B2117A9EA006C0B47 /* Info.plist */,
			);
			path = BartieUITests;
			sourceTree = "<group>";
		};
		B6F695A20BE67EFFF57A0D5F /* Service */ = {
			isa = PBXGroup;
			children = (
				B6F6971508E39DCC4CC5652E /* StationService.swift */,
				413077A316DDFD7A7ABFAFFC /* RealTimeService.swift */,
				41307DD9B46A122DFF3DCD7C /* RouteService.swift */,
				413077C94FD4CCB84D1120FB /* ScheduleService.swift */,
				41307919A12CA528FFD4313A /* FavoriteService.swift */,
			);
			path = Service;
			sourceTree = "<group>";
		};
		B6F69F0C1A6C879B680E5F15 /* Entity */ = {
			isa = PBXGroup;
			children = (
				B6F69F01A95831136D1740AF /* Station.swift */,
				413077F823C3C8259DB2867B /* EstimatedDeparture.swift */,
				413070C79BE5647A30B97FD0 /* Route.swift */,
				413072F6B6AB6848B5DA04D6 /* Trip.swift */,
				413075EE991F15BAD4DBE0F0 /* Favorite.swift */,
			);
			path = Entity;
			sourceTree = "<group>";
		};
/* End PBXGroup section */

/* Begin PBXNativeTarget section */
		ABFAA6612117A9E9006C0B47 /* Bartie */ = {
			isa = PBXNativeTarget;
			buildConfigurationList = ABFAA68E2117A9EA006C0B47 /* Build configuration list for PBXNativeTarget "Bartie" */;
			buildPhases = (
				284E5D671F3030B602085313 /* [CP] Check Pods Manifest.lock */,
				ABFAA65E2117A9E9006C0B47 /* Sources */,
				ABFAA65F2117A9E9006C0B47 /* Frameworks */,
				ABFAA6602117A9E9006C0B47 /* Resources */,
				DAD86DDE638283428B9B3BE2 /* [CP] Embed Pods Frameworks */,
			);
			buildRules = (
			);
			dependencies = (
			);
			name = Bartie;
			productName = "Go Bart";
			productReference = ABFAA6622117A9E9006C0B47 /* Bartie.app */;
			productType = "com.apple.product-type.application";
		};
		ABFAA6792117A9EA006C0B47 /* BartieTests */ = {
			isa = PBXNativeTarget;
			buildConfigurationList = ABFAA6912117A9EA006C0B47 /* Build configuration list for PBXNativeTarget "BartieTests" */;
			buildPhases = (
				6134602C998F5FF29A768EDB /* [CP] Check Pods Manifest.lock */,
				ABFAA6762117A9EA006C0B47 /* Sources */,
				ABFAA6772117A9EA006C0B47 /* Frameworks */,
				ABFAA6782117A9EA006C0B47 /* Resources */,
			);
			buildRules = (
			);
			dependencies = (
				ABFAA67C2117A9EA006C0B47 /* PBXTargetDependency */,
			);
			name = BartieTests;
			productName = "Go BartTests";
			productReference = ABFAA67A2117A9EA006C0B47 /* BartieTests.xctest */;
			productType = "com.apple.product-type.bundle.unit-test";
		};
		ABFAA6842117A9EA006C0B47 /* BartieUITests */ = {
			isa = PBXNativeTarget;
			buildConfigurationList = ABFAA6942117A9EA006C0B47 /* Build configuration list for PBXNativeTarget "BartieUITests" */;
			buildPhases = (
				9849AEDB765187819A64D89B /* [CP] Check Pods Manifest.lock */,
				ABFAA6812117A9EA006C0B47 /* Sources */,
				ABFAA6822117A9EA006C0B47 /* Frameworks */,
				ABFAA6832117A9EA006C0B47 /* Resources */,
			);
			buildRules = (
			);
			dependencies = (
				ABFAA6872117A9EA006C0B47 /* PBXTargetDependency */,
			);
			name = BartieUITests;
			productName = "Go BartUITests";
			productReference = ABFAA6852117A9EA006C0B47 /* BartieUITests.xctest */;
			productType = "com.apple.product-type.bundle.ui-testing";
		};
/* End PBXNativeTarget section */

/* Begin PBXProject section */
		ABFAA65A2117A9E9006C0B47 /* Project object */ = {
			isa = PBXProject;
			attributes = {
				CLASSPREFIX = "";
				LastSwiftUpdateCheck = 0940;
				LastUpgradeCheck = 0940;
				ORGANIZATIONNAME = "Hongfei Zhou";
				TargetAttributes = {
					ABFAA6612117A9E9006C0B47 = {
						CreatedOnToolsVersion = 9.4.1;
					};
					ABFAA6792117A9EA006C0B47 = {
						CreatedOnToolsVersion = 9.4.1;
						TestTargetID = ABFAA6612117A9E9006C0B47;
					};
					ABFAA6842117A9EA006C0B47 = {
						CreatedOnToolsVersion = 9.4.1;
						TestTargetID = ABFAA6612117A9E9006C0B47;
					};
				};
			};
			buildConfigurationList = ABFAA65D2117A9E9006C0B47 /* Build configuration list for PBXProject "Bartie" */;
			compatibilityVersion = "Xcode 9.3";
			developmentRegion = en;
			hasScannedForEncodings = 0;
			knownRegions = (
				en,
				Base,
			);
			mainGroup = ABFAA6592117A9E9006C0B47;
			productRefGroup = ABFAA6632117A9E9006C0B47 /* Products */;
			projectDirPath = "";
			projectRoot = "";
			targets = (
				ABFAA6612117A9E9006C0B47 /* Bartie */,
				ABFAA6792117A9EA006C0B47 /* BartieTests */,
				ABFAA6842117A9EA006C0B47 /* BartieUITests */,
			);
		};
/* End PBXProject section */

/* Begin PBXResourcesBuildPhase section */
		ABFAA6602117A9E9006C0B47 /* Resources */ = {
			isa = PBXResourcesBuildPhase;
			buildActionMask = 2147483647;
			files = (
				ABFAA6712117A9EA006C0B47 /* Assets.xcassets in Resources */,
				4130794DAFA49EDCDCB07FD2 /* .gitignore in Resources */,
			);
			runOnlyForDeploymentPostprocessing = 0;
		};
		ABFAA6782117A9EA006C0B47 /* Resources */ = {
			isa = PBXResourcesBuildPhase;
			buildActionMask = 2147483647;
			files = (
			);
			runOnlyForDeploymentPostprocessing = 0;
		};
		ABFAA6832117A9EA006C0B47 /* Resources */ = {
			isa = PBXResourcesBuildPhase;
			buildActionMask = 2147483647;
			files = (
			);
			runOnlyForDeploymentPostprocessing = 0;
		};
/* End PBXResourcesBuildPhase section */

/* Begin PBXShellScriptBuildPhase section */
		284E5D671F3030B602085313 /* [CP] Check Pods Manifest.lock */ = {
			isa = PBXShellScriptBuildPhase;
			buildActionMask = 2147483647;
			files = (
			);
			inputPaths = (
				"${PODS_PODFILE_DIR_PATH}/Podfile.lock",
				"${PODS_ROOT}/Manifest.lock",
			);
			name = "[CP] Check Pods Manifest.lock";
			outputPaths = (
				"$(DERIVED_FILE_DIR)/Pods-Bartie-checkManifestLockResult.txt",
			);
			runOnlyForDeploymentPostprocessing = 0;
			shellPath = /bin/sh;
			shellScript = "diff \"${PODS_PODFILE_DIR_PATH}/Podfile.lock\" \"${PODS_ROOT}/Manifest.lock\" > /dev/null\nif [ $? != 0 ] ; then\n    # print error to STDERR\n    echo \"error: The sandbox is not in sync with the Podfile.lock. Run 'pod install' or update your CocoaPods installation.\" >&2\n    exit 1\nfi\n# This output is used by Xcode 'outputs' to avoid re-running this script phase.\necho \"SUCCESS\" > \"${SCRIPT_OUTPUT_FILE_0}\"\n";
			showEnvVarsInLog = 0;
		};
		6134602C998F5FF29A768EDB /* [CP] Check Pods Manifest.lock */ = {
			isa = PBXShellScriptBuildPhase;
			buildActionMask = 2147483647;
			files = (
			);
			inputPaths = (
				"${PODS_PODFILE_DIR_PATH}/Podfile.lock",
				"${PODS_ROOT}/Manifest.lock",
			);
			name = "[CP] Check Pods Manifest.lock";
			outputPaths = (
				"$(DERIVED_FILE_DIR)/Pods-BartieTests-checkManifestLockResult.txt",
			);
			runOnlyForDeploymentPostprocessing = 0;
			shellPath = /bin/sh;
			shellScript = "diff \"${PODS_PODFILE_DIR_PATH}/Podfile.lock\" \"${PODS_ROOT}/Manifest.lock\" > /dev/null\nif [ $? != 0 ] ; then\n    # print error to STDERR\n    echo \"error: The sandbox is not in sync with the Podfile.lock. Run 'pod install' or update your CocoaPods installation.\" >&2\n    exit 1\nfi\n# This output is used by Xcode 'outputs' to avoid re-running this script phase.\necho \"SUCCESS\" > \"${SCRIPT_OUTPUT_FILE_0}\"\n";
			showEnvVarsInLog = 0;
		};
		9849AEDB765187819A64D89B /* [CP] Check Pods Manifest.lock */ = {
			isa = PBXShellScriptBuildPhase;
			buildActionMask = 2147483647;
			files = (
			);
			inputPaths = (
				"${PODS_PODFILE_DIR_PATH}/Podfile.lock",
				"${PODS_ROOT}/Manifest.lock",
			);
			name = "[CP] Check Pods Manifest.lock";
			outputPaths = (
				"$(DERIVED_FILE_DIR)/Pods-BartieUITests-checkManifestLockResult.txt",
			);
			runOnlyForDeploymentPostprocessing = 0;
			shellPath = /bin/sh;
			shellScript = "diff \"${PODS_PODFILE_DIR_PATH}/Podfile.lock\" \"${PODS_ROOT}/Manifest.lock\" > /dev/null\nif [ $? != 0 ] ; then\n    # print error to STDERR\n    echo \"error: The sandbox is not in sync with the Podfile.lock. Run 'pod install' or update your CocoaPods installation.\" >&2\n    exit 1\nfi\n# This output is used by Xcode 'outputs' to avoid re-running this script phase.\necho \"SUCCESS\" > \"${SCRIPT_OUTPUT_FILE_0}\"\n";
			showEnvVarsInLog = 0;
		};
		DAD86DDE638283428B9B3BE2 /* [CP] Embed Pods Frameworks */ = {
			isa = PBXShellScriptBuildPhase;
			buildActionMask = 2147483647;
			files = (
			);
			inputPaths = (
				"${SRCROOT}/Pods/Target Support Files/Pods-Bartie/Pods-Bartie-frameworks.sh",
				"${BUILT_PRODUCTS_DIR}/Alamofire/Alamofire.framework",
				"${BUILT_PRODUCTS_DIR}/Cache/Cache.framework",
				"${BUILT_PRODUCTS_DIR}/PinLayout/PinLayout.framework",
				"${BUILT_PRODUCTS_DIR}/SwiftIcons/SwiftIcons.framework",
				"${BUILT_PRODUCTS_DIR}/SwiftyJSON/SwiftyJSON.framework",
				"${BUILT_PRODUCTS_DIR}/UIColor_Hex_Swift/UIColor_Hex_Swift.framework",
			);
			name = "[CP] Embed Pods Frameworks";
			outputPaths = (
				"${TARGET_BUILD_DIR}/${FRAMEWORKS_FOLDER_PATH}/Alamofire.framework",
				"${TARGET_BUILD_DIR}/${FRAMEWORKS_FOLDER_PATH}/Cache.framework",
				"${TARGET_BUILD_DIR}/${FRAMEWORKS_FOLDER_PATH}/PinLayout.framework",
				"${TARGET_BUILD_DIR}/${FRAMEWORKS_FOLDER_PATH}/SwiftIcons.framework",
				"${TARGET_BUILD_DIR}/${FRAMEWORKS_FOLDER_PATH}/SwiftyJSON.framework",
				"${TARGET_BUILD_DIR}/${FRAMEWORKS_FOLDER_PATH}/UIColor_Hex_Swift.framework",
			);
			runOnlyForDeploymentPostprocessing = 0;
			shellPath = /bin/sh;
			shellScript = "\"${SRCROOT}/Pods/Target Support Files/Pods-Bartie/Pods-Bartie-frameworks.sh\"\n";
			showEnvVarsInLog = 0;
		};
/* End PBXShellScriptBuildPhase section */

/* Begin PBXSourcesBuildPhase section */
		ABFAA65E2117A9E9006C0B47 /* Sources */ = {
			isa = PBXSourcesBuildPhase;
			buildActionMask = 2147483647;
			files = (
				ABFAA6662117A9E9006C0B47 /* AppDelegate.swift in Sources */,
				B6F697CA4AA061A552E9ACFD /* Station.swift in Sources */,
				B6F69EA701ADF1B4F5FD4396 /* StationService.swift in Sources */,
				41307DD39AB99C17C895D21D /* EstimatedDeparture.swift in Sources */,
				41307D62B68984D10FC68B5D /* RealTimeService.swift in Sources */,
				413079AC61F58CE0CD1FE493 /* RouteService.swift in Sources */,
				413076ABAAF5C14E6ED12C12 /* Route.swift in Sources */,
				41307992B6D7FDD86116FEE4 /* DataCache.swift in Sources */,
				4130718F3C050DB2E10398BE /* Trip.swift in Sources */,
				41307EF7A90CCD4B02D14975 /* DateUtil.swift in Sources */,
				41307730FA8A5116E284C483 /* DataUtil.swift in Sources */,
				41307273FAF06FCAFA2B5A04 /* Favorite.swift in Sources */,
				B6F695E7A9FAB13314F90503 /* Icons.swift in Sources */,
				413070A81B2C079D7625FF8F /* Settings.swift in Sources */,
				4130737DD5D8AAC3B3E98BB0 /* CacheStationRepository.swift in Sources */,
				4130780E1A7CD3366BB79035 /* CacheRouteRepository.swift in Sources */,
				413073602F2E36694DC62805 /* CacheFavoriteRepository.swift in Sources */,
				41307B0BB2E004EB49E9B1E2 /* BartStationRepository.swift in Sources */,
				41307C6A617FD45DE21E6DDA /* BartService.swift in Sources */,
				41307D4FC4821A17E9E949AC /* BartRouteRepository.swift in Sources */,
				4130739F74E46BDFBA813E36 /* BartScheduleRepository.swift in Sources */,
				413075D51DCBF1DCA8609809 /* ScheduleService.swift in Sources */,
				413071E94AB57A0D178AC992 /* BartRealTimeRepository.swift in Sources */,
				41307DFE45BC50CA23B15924 /* FavoriteService.swift in Sources */,
				413071E6C67DE68C11C6E051 /* RouteDetailViewController.swift in Sources */,
				413076BDEB5174D79F47A4ED /* RouteDetailMapView.swift in Sources */,
				41307745E3889186354343C3 /* TripDetailView.swift in Sources */,
				413075CBFEE6E124EC352A12 /* RouteDetailContentList.swift in Sources */,
				413072E87FE709F3EB4EDB30 /* BartFare.swift in Sources */,
				413074A3636BA49BF1EAC5B6 /* FavoriteDetailViewController.swift in Sources */,
				413079A1774ACB8CC4057AD6 /* DetourRoute.swift in Sources */,
				41307289FFED85A9C8AEF8E7 /* CurrentStation.swift in Sources */,
				41307975F18829619C739946 /* FavoriteViewController.swift in Sources */,
				41307C8E5E43E2744A48C05A /* FavoriteListHeader.swift in Sources */,
				4130745F3AC3171045664FA8 /* StationPickerViewController.swift in Sources */,
				41307B4D1F77E5C10B4E9308 /* StationTableCell.swift in Sources */,
				4130734D859391B72836C432 /* TrainViewController.swift in Sources */,
				4130705922634D476A3948F1 /* DepartureListView.swift in Sources */,
				4130797064201D98933B1D63 /* DepartureListCell.swift in Sources */,
				41307946F36AC9E909BCB8F8 /* StationSearchBar.swift in Sources */,
				41307B8ABDC1FB86CDBBCB88 /* TripListView.swift in Sources */,
				413074B95387E3C0AC7F3560 /* AddToFavoriteCell.swift in Sources */,
				413077CED986DA9634EEF547 /* BartTabBarController.swift in Sources */,
				41307F0F52B4863F97CD798F /* TripListCell.swift in Sources */,
				413076C921670C17FF7D83C7 /* RoundCornerNavigationBar.swift in Sources */,
			);
			runOnlyForDeploymentPostprocessing = 0;
		};
		ABFAA6762117A9EA006C0B47 /* Sources */ = {
			isa = PBXSourcesBuildPhase;
			buildActionMask = 2147483647;
			files = (
				ABFAA67F2117A9EA006C0B47 /* Go_BartTests.swift in Sources */,
			);
			runOnlyForDeploymentPostprocessing = 0;
		};
		ABFAA6812117A9EA006C0B47 /* Sources */ = {
			isa = PBXSourcesBuildPhase;
			buildActionMask = 2147483647;
			files = (
				ABFAA68A2117A9EA006C0B47 /* Go_BartUITests.swift in Sources */,
			);
			runOnlyForDeploymentPostprocessing = 0;
		};
/* End PBXSourcesBuildPhase section */

/* Begin PBXTargetDependency section */
		ABFAA67C2117A9EA006C0B47 /* PBXTargetDependency */ = {
			isa = PBXTargetDependency;
			target = ABFAA6612117A9E9006C0B47 /* Bartie */;
			targetProxy = ABFAA67B2117A9EA006C0B47 /* PBXContainerItemProxy */;
		};
		ABFAA6872117A9EA006C0B47 /* PBXTargetDependency */ = {
			isa = PBXTargetDependency;
			target = ABFAA6612117A9E9006C0B47 /* Bartie */;
			targetProxy = ABFAA6862117A9EA006C0B47 /* PBXContainerItemProxy */;
		};
/* End PBXTargetDependency section */

/* Begin XCBuildConfiguration section */
		ABFAA68C2117A9EA006C0B47 /* Debug */ = {
			isa = XCBuildConfiguration;
			buildSettings = {
				ALWAYS_SEARCH_USER_PATHS = NO;
				CLANG_ANALYZER_NONNULL = YES;
				CLANG_ANALYZER_NUMBER_OBJECT_CONVERSION = YES_AGGRESSIVE;
				CLANG_CXX_LANGUAGE_STANDARD = "gnu++14";
				CLANG_CXX_LIBRARY = "libc++";
				CLANG_ENABLE_MODULES = YES;
				CLANG_ENABLE_OBJC_ARC = YES;
				CLANG_ENABLE_OBJC_WEAK = YES;
				CLANG_WARN_BLOCK_CAPTURE_AUTORELEASING = YES;
				CLANG_WARN_BOOL_CONVERSION = YES;
				CLANG_WARN_COMMA = YES;
				CLANG_WARN_CONSTANT_CONVERSION = YES;
				CLANG_WARN_DEPRECATED_OBJC_IMPLEMENTATIONS = YES;
				CLANG_WARN_DIRECT_OBJC_ISA_USAGE = YES_ERROR;
				CLANG_WARN_DOCUMENTATION_COMMENTS = YES;
				CLANG_WARN_EMPTY_BODY = YES;
				CLANG_WARN_ENUM_CONVERSION = YES;
				CLANG_WARN_INFINITE_RECURSION = YES;
				CLANG_WARN_INT_CONVERSION = YES;
				CLANG_WARN_NON_LITERAL_NULL_CONVERSION = YES;
				CLANG_WARN_OBJC_IMPLICIT_RETAIN_SELF = YES;
				CLANG_WARN_OBJC_LITERAL_CONVERSION = YES;
				CLANG_WARN_OBJC_ROOT_CLASS = YES_ERROR;
				CLANG_WARN_RANGE_LOOP_ANALYSIS = YES;
				CLANG_WARN_STRICT_PROTOTYPES = YES;
				CLANG_WARN_SUSPICIOUS_MOVE = YES;
				CLANG_WARN_UNGUARDED_AVAILABILITY = YES_AGGRESSIVE;
				CLANG_WARN_UNREACHABLE_CODE = YES;
				CLANG_WARN__DUPLICATE_METHOD_MATCH = YES;
				CODE_SIGN_IDENTITY = "iPhone Developer";
				COPY_PHASE_STRIP = NO;
				DEBUG_INFORMATION_FORMAT = dwarf;
				ENABLE_STRICT_OBJC_MSGSEND = YES;
				ENABLE_TESTABILITY = YES;
				GCC_C_LANGUAGE_STANDARD = gnu11;
				GCC_DYNAMIC_NO_PIC = NO;
				GCC_NO_COMMON_BLOCKS = YES;
				GCC_OPTIMIZATION_LEVEL = 0;
				GCC_PREPROCESSOR_DEFINITIONS = (
					"DEBUG=1",
					"$(inherited)",
				);
				GCC_WARN_64_TO_32_BIT_CONVERSION = YES;
				GCC_WARN_ABOUT_RETURN_TYPE = YES_ERROR;
				GCC_WARN_UNDECLARED_SELECTOR = YES;
				GCC_WARN_UNINITIALIZED_AUTOS = YES_AGGRESSIVE;
				GCC_WARN_UNUSED_FUNCTION = YES;
				GCC_WARN_UNUSED_VARIABLE = YES;
				IPHONEOS_DEPLOYMENT_TARGET = 11.0;
				MTL_ENABLE_DEBUG_INFO = YES;
				ONLY_ACTIVE_ARCH = YES;
				SDKROOT = iphoneos;
				SWIFT_ACTIVE_COMPILATION_CONDITIONS = DEBUG;
				SWIFT_OPTIMIZATION_LEVEL = "-Onone";
			};
			name = Debug;
		};
		ABFAA68D2117A9EA006C0B47 /* Release */ = {
			isa = XCBuildConfiguration;
			buildSettings = {
				ALWAYS_SEARCH_USER_PATHS = NO;
				CLANG_ANALYZER_NONNULL = YES;
				CLANG_ANALYZER_NUMBER_OBJECT_CONVERSION = YES_AGGRESSIVE;
				CLANG_CXX_LANGUAGE_STANDARD = "gnu++14";
				CLANG_CXX_LIBRARY = "libc++";
				CLANG_ENABLE_MODULES = YES;
				CLANG_ENABLE_OBJC_ARC = YES;
				CLANG_ENABLE_OBJC_WEAK = YES;
				CLANG_WARN_BLOCK_CAPTURE_AUTORELEASING = YES;
				CLANG_WARN_BOOL_CONVERSION = YES;
				CLANG_WARN_COMMA = YES;
				CLANG_WARN_CONSTANT_CONVERSION = YES;
				CLANG_WARN_DEPRECATED_OBJC_IMPLEMENTATIONS = YES;
				CLANG_WARN_DIRECT_OBJC_ISA_USAGE = YES_ERROR;
				CLANG_WARN_DOCUMENTATION_COMMENTS = YES;
				CLANG_WARN_EMPTY_BODY = YES;
				CLANG_WARN_ENUM_CONVERSION = YES;
				CLANG_WARN_INFINITE_RECURSION = YES;
				CLANG_WARN_INT_CONVERSION = YES;
				CLANG_WARN_NON_LITERAL_NULL_CONVERSION = YES;
				CLANG_WARN_OBJC_IMPLICIT_RETAIN_SELF = YES;
				CLANG_WARN_OBJC_LITERAL_CONVERSION = YES;
				CLANG_WARN_OBJC_ROOT_CLASS = YES_ERROR;
				CLANG_WARN_RANGE_LOOP_ANALYSIS = YES;
				CLANG_WARN_STRICT_PROTOTYPES = YES;
				CLANG_WARN_SUSPICIOUS_MOVE = YES;
				CLANG_WARN_UNGUARDED_AVAILABILITY = YES_AGGRESSIVE;
				CLANG_WARN_UNREACHABLE_CODE = YES;
				CLANG_WARN__DUPLICATE_METHOD_MATCH = YES;
				CODE_SIGN_IDENTITY = "iPhone Developer";
				COPY_PHASE_STRIP = NO;
				DEBUG_INFORMATION_FORMAT = "dwarf-with-dsym";
				ENABLE_NS_ASSERTIONS = NO;
				ENABLE_STRICT_OBJC_MSGSEND = YES;
				GCC_C_LANGUAGE_STANDARD = gnu11;
				GCC_NO_COMMON_BLOCKS = YES;
				GCC_WARN_64_TO_32_BIT_CONVERSION = YES;
				GCC_WARN_ABOUT_RETURN_TYPE = YES_ERROR;
				GCC_WARN_UNDECLARED_SELECTOR = YES;
				GCC_WARN_UNINITIALIZED_AUTOS = YES_AGGRESSIVE;
				GCC_WARN_UNUSED_FUNCTION = YES;
				GCC_WARN_UNUSED_VARIABLE = YES;
				IPHONEOS_DEPLOYMENT_TARGET = 11.0;
				MTL_ENABLE_DEBUG_INFO = NO;
				SDKROOT = iphoneos;
				SWIFT_COMPILATION_MODE = wholemodule;
				SWIFT_OPTIMIZATION_LEVEL = "-O";
				VALIDATE_PRODUCT = YES;
			};
			name = Release;
		};
		ABFAA68F2117A9EA006C0B47 /* Debug */ = {
			isa = XCBuildConfiguration;
			baseConfigurationReference = E3D836CA3402C337142E0865 /* Pods-Bartie.debug.xcconfig */;
			buildSettings = {
				ASSETCATALOG_COMPILER_APPICON_NAME = AppIcon;
				ASSETCATALOG_COMPILER_LAUNCHIMAGE_NAME = LaunchImage;
				CODE_SIGN_IDENTITY = "iPhone Developer";
				CODE_SIGN_STYLE = Automatic;
				DEVELOPMENT_TEAM = MG2A8FT82Y;
				INFOPLIST_FILE = Bartie/Info.plist;
				IPHONEOS_DEPLOYMENT_TARGET = 11.0;
				LD_RUNPATH_SEARCH_PATHS = (
					"$(inherited)",
					"@executable_path/Frameworks",
				);
				PRODUCT_BUNDLE_IDENTIFIER = hongfeiwork.ios.bartie;
				PRODUCT_NAME = "$(TARGET_NAME)";
				PROVISIONING_PROFILE_SPECIFIER = "";
				SWIFT_VERSION = 4.0;
				TARGETED_DEVICE_FAMILY = 1;
			};
			name = Debug;
		};
		ABFAA6902117A9EA006C0B47 /* Release */ = {
			isa = XCBuildConfiguration;
			baseConfigurationReference = 1088AA052B27B0AE54A1085B /* Pods-Bartie.release.xcconfig */;
			buildSettings = {
				ASSETCATALOG_COMPILER_APPICON_NAME = AppIcon;
				ASSETCATALOG_COMPILER_LAUNCHIMAGE_NAME = LaunchImage;
				CODE_SIGN_IDENTITY = "iPhone Developer";
				CODE_SIGN_STYLE = Automatic;
				DEVELOPMENT_TEAM = MG2A8FT82Y;
				INFOPLIST_FILE = Bartie/Info.plist;
				IPHONEOS_DEPLOYMENT_TARGET = 11.0;
				LD_RUNPATH_SEARCH_PATHS = (
					"$(inherited)",
					"@executable_path/Frameworks",
				);
				PRODUCT_BUNDLE_IDENTIFIER = hongfeiwork.ios.bartie;
				PRODUCT_NAME = "$(TARGET_NAME)";
				PROVISIONING_PROFILE_SPECIFIER = "";
				SWIFT_VERSION = 4.0;
				TARGETED_DEVICE_FAMILY = 1;
			};
			name = Release;
		};
		ABFAA6922117A9EA006C0B47 /* Debug */ = {
			isa = XCBuildConfiguration;
			baseConfigurationReference = B6796C331BA4AB5AAA7367AA /* Pods-BartieTests.debug.xcconfig */;
			buildSettings = {
				ALWAYS_EMBED_SWIFT_STANDARD_LIBRARIES = YES;
				BUNDLE_LOADER = "$(TEST_HOST)";
				CODE_SIGN_STYLE = Automatic;
				INFOPLIST_FILE = "Go BartTests/Info.plist";
				LD_RUNPATH_SEARCH_PATHS = (
					"$(inherited)",
					"@executable_path/Frameworks",
					"@loader_path/Frameworks",
				);
				PRODUCT_BUNDLE_IDENTIFIER = "hongfeiwork.ios.Go-BartTests";
				PRODUCT_NAME = "$(TARGET_NAME)";
				SWIFT_VERSION = 4.0;
				TARGETED_DEVICE_FAMILY = "1,2";
				TEST_HOST = "$(BUILT_PRODUCTS_DIR)/Bartie.app/Bartie";
			};
			name = Debug;
		};
		ABFAA6932117A9EA006C0B47 /* Release */ = {
			isa = XCBuildConfiguration;
			baseConfigurationReference = 11A2E0613392F18435A42928 /* Pods-BartieTests.release.xcconfig */;
			buildSettings = {
				ALWAYS_EMBED_SWIFT_STANDARD_LIBRARIES = YES;
				BUNDLE_LOADER = "$(TEST_HOST)";
				CODE_SIGN_STYLE = Automatic;
				INFOPLIST_FILE = "Go BartTests/Info.plist";
				LD_RUNPATH_SEARCH_PATHS = (
					"$(inherited)",
					"@executable_path/Frameworks",
					"@loader_path/Frameworks",
				);
				PRODUCT_BUNDLE_IDENTIFIER = "hongfeiwork.ios.Go-BartTests";
				PRODUCT_NAME = "$(TARGET_NAME)";
				SWIFT_VERSION = 4.0;
				TARGETED_DEVICE_FAMILY = "1,2";
				TEST_HOST = "$(BUILT_PRODUCTS_DIR)/Bartie.app/Bartie";
			};
			name = Release;
		};
		ABFAA6952117A9EA006C0B47 /* Debug */ = {
			isa = XCBuildConfiguration;
			baseConfigurationReference = 1984548F87E05FA41F2A625B /* Pods-BartieUITests.debug.xcconfig */;
			buildSettings = {
				ALWAYS_EMBED_SWIFT_STANDARD_LIBRARIES = YES;
				CODE_SIGN_STYLE = Automatic;
				INFOPLIST_FILE = "Go BartUITests/Info.plist";
				LD_RUNPATH_SEARCH_PATHS = (
					"$(inherited)",
					"@executable_path/Frameworks",
					"@loader_path/Frameworks",
				);
				PRODUCT_BUNDLE_IDENTIFIER = "hongfeiwork.ios.Go-BartUITests";
				PRODUCT_NAME = "$(TARGET_NAME)";
				SWIFT_VERSION = 4.0;
				TARGETED_DEVICE_FAMILY = "1,2";
				TEST_TARGET_NAME = "Go Bart";
			};
			name = Debug;
		};
		ABFAA6962117A9EA006C0B47 /* Release */ = {
			isa = XCBuildConfiguration;
			baseConfigurationReference = 9383AD104958F8C3E289AE3D /* Pods-BartieUITests.release.xcconfig */;
			buildSettings = {
				ALWAYS_EMBED_SWIFT_STANDARD_LIBRARIES = YES;
				CODE_SIGN_STYLE = Automatic;
				INFOPLIST_FILE = "Go BartUITests/Info.plist";
				LD_RUNPATH_SEARCH_PATHS = (
					"$(inherited)",
					"@executable_path/Frameworks",
					"@loader_path/Frameworks",
				);
				PRODUCT_BUNDLE_IDENTIFIER = "hongfeiwork.ios.Go-BartUITests";
				PRODUCT_NAME = "$(TARGET_NAME)";
				SWIFT_VERSION = 4.0;
				TARGETED_DEVICE_FAMILY = "1,2";
				TEST_TARGET_NAME = "Go Bart";
			};
			name = Release;
		};
/* End XCBuildConfiguration section */

/* Begin XCConfigurationList section */
		ABFAA65D2117A9E9006C0B47 /* Build configuration list for PBXProject "Bartie" */ = {
			isa = XCConfigurationList;
			buildConfigurations = (
				ABFAA68C2117A9EA006C0B47 /* Debug */,
				ABFAA68D2117A9EA006C0B47 /* Release */,
			);
			defaultConfigurationIsVisible = 0;
			defaultConfigurationName = Release;
		};
		ABFAA68E2117A9EA006C0B47 /* Build configuration list for PBXNativeTarget "Bartie" */ = {
			isa = XCConfigurationList;
			buildConfigurations = (
				ABFAA68F2117A9EA006C0B47 /* Debug */,
				ABFAA6902117A9EA006C0B47 /* Release */,
			);
			defaultConfigurationIsVisible = 0;
			defaultConfigurationName = Release;
		};
		ABFAA6912117A9EA006C0B47 /* Build configuration list for PBXNativeTarget "BartieTests" */ = {
			isa = XCConfigurationList;
			buildConfigurations = (
				ABFAA6922117A9EA006C0B47 /* Debug */,
				ABFAA6932117A9EA006C0B47 /* Release */,
			);
			defaultConfigurationIsVisible = 0;
			defaultConfigurationName = Release;
		};
		ABFAA6942117A9EA006C0B47 /* Build configuration list for PBXNativeTarget "BartieUITests" */ = {
			isa = XCConfigurationList;
			buildConfigurations = (
				ABFAA6952117A9EA006C0B47 /* Debug */,
				ABFAA6962117A9EA006C0B47 /* Release */,
			);
			defaultConfigurationIsVisible = 0;
			defaultConfigurationName = Release;
		};
/* End XCConfigurationList section */
	};
	rootObject = ABFAA65A2117A9E9006C0B47 /* Project object */;
}
